// !$*UTF8*$!
{
	archiveVersion = 1;
	classes = {
	};
	objectVersion = 56;
	objects = {

/* Begin PBXBuildFile section */
		FA0806B928F62423000502F6 /* BookFormView.swift in Sources */ = {isa = PBXBuildFile; fileRef = FA0806B828F62423000502F6 /* BookFormView.swift */; };
		FA0806BB28F625D0000502F6 /* EditBookView.swift in Sources */ = {isa = PBXBuildFile; fileRef = FA0806BA28F625D0000502F6 /* EditBookView.swift */; };
		FA0806BD28F62706000502F6 /* EditBookViewModel.swift in Sources */ = {isa = PBXBuildFile; fileRef = FA0806BC28F62706000502F6 /* EditBookViewModel.swift */; };
		FA41335928F509F90075C55B /* RemoteResult.swift in Sources */ = {isa = PBXBuildFile; fileRef = FA41335828F509F90075C55B /* RemoteResult.swift */; };
		FA430FE128EB504300EB1EFF /* ApolloGraphQLSampleApp.swift in Sources */ = {isa = PBXBuildFile; fileRef = FA430FE028EB504300EB1EFF /* ApolloGraphQLSampleApp.swift */; };
		FA430FE328EB504300EB1EFF /* BooksView.swift in Sources */ = {isa = PBXBuildFile; fileRef = FA430FE228EB504300EB1EFF /* BooksView.swift */; };
		FA430FE528EB504600EB1EFF /* Assets.xcassets in Resources */ = {isa = PBXBuildFile; fileRef = FA430FE428EB504600EB1EFF /* Assets.xcassets */; };
		FA430FE828EB504600EB1EFF /* Preview Assets.xcassets in Resources */ = {isa = PBXBuildFile; fileRef = FA430FE728EB504600EB1EFF /* Preview Assets.xcassets */; };
		FA430FEA28EB504600EB1EFF /* Persistence.swift in Sources */ = {isa = PBXBuildFile; fileRef = FA430FE928EB504600EB1EFF /* Persistence.swift */; };
		FA430FED28EB504600EB1EFF /* ApolloGraphQLSample.xcdatamodeld in Sources */ = {isa = PBXBuildFile; fileRef = FA430FEB28EB504600EB1EFF /* ApolloGraphQLSample.xcdatamodeld */; };
		FA43100128EB504600EB1EFF /* ApolloGraphQLSampleUITests.swift in Sources */ = {isa = PBXBuildFile; fileRef = FA43100028EB504600EB1EFF /* ApolloGraphQLSampleUITests.swift */; };
		FA43100328EB504600EB1EFF /* ApolloGraphQLSampleUITestsLaunchTests.swift in Sources */ = {isa = PBXBuildFile; fileRef = FA43100228EB504600EB1EFF /* ApolloGraphQLSampleUITestsLaunchTests.swift */; };
		FA536E9028ECBDB70049B7FD /* Apollo in Frameworks */ = {isa = PBXBuildFile; productRef = FA536E8F28ECBDB70049B7FD /* Apollo */; };
		FA536E9228ECC2030049B7FD /* API.swift in Sources */ = {isa = PBXBuildFile; fileRef = FA536E9128ECC2030049B7FD /* API.swift */; };
		FA536E9D28EDEC2C0049B7FD /* BooksViewModel.swift in Sources */ = {isa = PBXBuildFile; fileRef = FA536E9C28EDEC2C0049B7FD /* BooksViewModel.swift */; };
		FA536EA128EDED9B0049B7FD /* BooksListView.swift in Sources */ = {isa = PBXBuildFile; fileRef = FA536EA028EDED9B0049B7FD /* BooksListView.swift */; };
		FA71560228F52425008993E9 /* BookDetailViewModel.swift in Sources */ = {isa = PBXBuildFile; fileRef = FA71560128F52425008993E9 /* BookDetailViewModel.swift */; };
		FAAB317128FE0AC40085C3F3 /* XCTestCase+MemoryLeaksTracker.swift in Sources */ = {isa = PBXBuildFile; fileRef = FADBEEA828FDB55500A9C449 /* XCTestCase+MemoryLeaksTracker.swift */; };
		FABE8C4D28EDF5D800326B4A /* AddBookView.swift in Sources */ = {isa = PBXBuildFile; fileRef = FABE8C4C28EDF5D800326B4A /* AddBookView.swift */; };
		FABE8C4F28EE27A500326B4A /* BookDetailView.swift in Sources */ = {isa = PBXBuildFile; fileRef = FABE8C4E28EE27A500326B4A /* BookDetailView.swift */; };
		FABE8C5128EE5B3900326B4A /* AddBookViewModel.swift in Sources */ = {isa = PBXBuildFile; fileRef = FABE8C5028EE5B3800326B4A /* AddBookViewModel.swift */; };
		FABE8C5728EFACC000326B4A /* BooksRepository.swift in Sources */ = {isa = PBXBuildFile; fileRef = FABE8C5628EFACC000326B4A /* BooksRepository.swift */; };
		FABE8C5928EFADC800326B4A /* BooksRemoteDataSource.swift in Sources */ = {isa = PBXBuildFile; fileRef = FABE8C5828EFADC800326B4A /* BooksRemoteDataSource.swift */; };
		FABE8C5B28EFAE0700326B4A /* RemoteErrors.swift in Sources */ = {isa = PBXBuildFile; fileRef = FABE8C5A28EFAE0700326B4A /* RemoteErrors.swift */; };
		FABE8C5D28EFAF2700326B4A /* BooksRequester.swift in Sources */ = {isa = PBXBuildFile; fileRef = FABE8C5C28EFAF2700326B4A /* BooksRequester.swift */; };
		FABE8C6028EFAFF000326B4A /* BooksAdapter.swift in Sources */ = {isa = PBXBuildFile; fileRef = FABE8C5F28EFAFF000326B4A /* BooksAdapter.swift */; };
		FABE8C6228EFB1D600326B4A /* GetBooksUseCase.swift in Sources */ = {isa = PBXBuildFile; fileRef = FABE8C6128EFB1D600326B4A /* GetBooksUseCase.swift */; };
		FABE8C6428EFB25F00326B4A /* GetBookUseCase.swift in Sources */ = {isa = PBXBuildFile; fileRef = FABE8C6328EFB25F00326B4A /* GetBookUseCase.swift */; };
		FABE8C6628EFB2B600326B4A /* DeleteBookUseCase.swift in Sources */ = {isa = PBXBuildFile; fileRef = FABE8C6528EFB2B600326B4A /* DeleteBookUseCase.swift */; };
		FABE8C6828EFB38500326B4A /* UpdateBookUseCase.swift in Sources */ = {isa = PBXBuildFile; fileRef = FABE8C6728EFB38500326B4A /* UpdateBookUseCase.swift */; };
		FABE8C6D28EFB55300326B4A /* CreateBookUseCase.swift in Sources */ = {isa = PBXBuildFile; fileRef = FABE8C6C28EFB55300326B4A /* CreateBookUseCase.swift */; };
		FADBEEA528FDAF8400A9C449 /* BooksRepositoryTests.swift in Sources */ = {isa = PBXBuildFile; fileRef = FADBEEA428FDAF8400A9C449 /* BooksRepositoryTests.swift */; };
		FADBEEA928FDB55500A9C449 /* XCTestCase+MemoryLeaksTracker.swift in Sources */ = {isa = PBXBuildFile; fileRef = FADBEEA828FDB55500A9C449 /* XCTestCase+MemoryLeaksTracker.swift */; };
		FADBEEAF28FDC9A100A9C449 /* Constants.swift in Sources */ = {isa = PBXBuildFile; fileRef = FADBEEAE28FDC9A100A9C449 /* Constants.swift */; };
		FADBEEB128FDCAB500A9C449 /* BaseRequester.swift in Sources */ = {isa = PBXBuildFile; fileRef = FADBEEB028FDCAB500A9C449 /* BaseRequester.swift */; };
		FADBEEE528FE09A500A9C449 /* ApolloGraphQLSampleGraphQLE2ETests.swift in Sources */ = {isa = PBXBuildFile; fileRef = FADBEEE428FE09A500A9C449 /* ApolloGraphQLSampleGraphQLE2ETests.swift */; };
		FAF49AA528EC7A3000BC72FC /* Book.swift in Sources */ = {isa = PBXBuildFile; fileRef = FAF49AA428EC7A3000BC72FC /* Book.swift */; };
		FAF49AAA28EC7FD200BC72FC /* queries.graphql in Resources */ = {isa = PBXBuildFile; fileRef = FAF49AA928EC7FD200BC72FC /* queries.graphql */; };
		FAF49AAC28EC84B600BC72FC /* schema.json in Resources */ = {isa = PBXBuildFile; fileRef = FAF49AAB28EC84B600BC72FC /* schema.json */; };
/* End PBXBuildFile section */

/* Begin PBXContainerItemProxy section */
		FA430FF328EB504600EB1EFF /* PBXContainerItemProxy */ = {
			isa = PBXContainerItemProxy;
			containerPortal = FA430FD528EB504300EB1EFF /* Project object */;
			proxyType = 1;
			remoteGlobalIDString = FA430FDC28EB504300EB1EFF;
			remoteInfo = ApolloGraphQLSample;
		};
		FA430FFD28EB504600EB1EFF /* PBXContainerItemProxy */ = {
			isa = PBXContainerItemProxy;
			containerPortal = FA430FD528EB504300EB1EFF /* Project object */;
			proxyType = 1;
			remoteGlobalIDString = FA430FDC28EB504300EB1EFF;
			remoteInfo = ApolloGraphQLSample;
		};
		FADBEEE628FE09A500A9C449 /* PBXContainerItemProxy */ = {
			isa = PBXContainerItemProxy;
			containerPortal = FA430FD528EB504300EB1EFF /* Project object */;
			proxyType = 1;
			remoteGlobalIDString = FA430FDC28EB504300EB1EFF;
			remoteInfo = ApolloGraphQLSample;
		};
/* End PBXContainerItemProxy section */

/* Begin PBXFileReference section */
		FA0806B828F62423000502F6 /* BookFormView.swift */ = {isa = PBXFileReference; lastKnownFileType = sourcecode.swift; path = BookFormView.swift; sourceTree = "<group>"; };
		FA0806BA28F625D0000502F6 /* EditBookView.swift */ = {isa = PBXFileReference; lastKnownFileType = sourcecode.swift; path = EditBookView.swift; sourceTree = "<group>"; };
		FA0806BC28F62706000502F6 /* EditBookViewModel.swift */ = {isa = PBXFileReference; lastKnownFileType = sourcecode.swift; path = EditBookViewModel.swift; sourceTree = "<group>"; };
		FA41335828F509F90075C55B /* RemoteResult.swift */ = {isa = PBXFileReference; lastKnownFileType = sourcecode.swift; path = RemoteResult.swift; sourceTree = "<group>"; };
		FA430FDD28EB504300EB1EFF /* ApolloGraphQLSample.app */ = {isa = PBXFileReference; explicitFileType = wrapper.application; includeInIndex = 0; path = ApolloGraphQLSample.app; sourceTree = BUILT_PRODUCTS_DIR; };
		FA430FE028EB504300EB1EFF /* ApolloGraphQLSampleApp.swift */ = {isa = PBXFileReference; lastKnownFileType = sourcecode.swift; path = ApolloGraphQLSampleApp.swift; sourceTree = "<group>"; };
		FA430FE228EB504300EB1EFF /* BooksView.swift */ = {isa = PBXFileReference; lastKnownFileType = sourcecode.swift; path = BooksView.swift; sourceTree = "<group>"; };
		FA430FE428EB504600EB1EFF /* Assets.xcassets */ = {isa = PBXFileReference; lastKnownFileType = folder.assetcatalog; path = Assets.xcassets; sourceTree = "<group>"; };
		FA430FE728EB504600EB1EFF /* Preview Assets.xcassets */ = {isa = PBXFileReference; lastKnownFileType = folder.assetcatalog; path = "Preview Assets.xcassets"; sourceTree = "<group>"; };
		FA430FE928EB504600EB1EFF /* Persistence.swift */ = {isa = PBXFileReference; lastKnownFileType = sourcecode.swift; path = Persistence.swift; sourceTree = "<group>"; };
		FA430FEC28EB504600EB1EFF /* ApolloGraphQLSample.xcdatamodel */ = {isa = PBXFileReference; lastKnownFileType = wrapper.xcdatamodel; path = ApolloGraphQLSample.xcdatamodel; sourceTree = "<group>"; };
		FA430FF228EB504600EB1EFF /* ApolloGraphQLSampleTests.xctest */ = {isa = PBXFileReference; explicitFileType = wrapper.cfbundle; includeInIndex = 0; path = ApolloGraphQLSampleTests.xctest; sourceTree = BUILT_PRODUCTS_DIR; };
		FA430FFC28EB504600EB1EFF /* ApolloGraphQLSampleUITests.xctest */ = {isa = PBXFileReference; explicitFileType = wrapper.cfbundle; includeInIndex = 0; path = ApolloGraphQLSampleUITests.xctest; sourceTree = BUILT_PRODUCTS_DIR; };
		FA43100028EB504600EB1EFF /* ApolloGraphQLSampleUITests.swift */ = {isa = PBXFileReference; lastKnownFileType = sourcecode.swift; path = ApolloGraphQLSampleUITests.swift; sourceTree = "<group>"; };
		FA43100228EB504600EB1EFF /* ApolloGraphQLSampleUITestsLaunchTests.swift */ = {isa = PBXFileReference; lastKnownFileType = sourcecode.swift; path = ApolloGraphQLSampleUITestsLaunchTests.swift; sourceTree = "<group>"; };
		FA536E9128ECC2030049B7FD /* API.swift */ = {isa = PBXFileReference; fileEncoding = 4; lastKnownFileType = sourcecode.swift; path = API.swift; sourceTree = "<group>"; };
		FA536E9C28EDEC2C0049B7FD /* BooksViewModel.swift */ = {isa = PBXFileReference; lastKnownFileType = sourcecode.swift; path = BooksViewModel.swift; sourceTree = "<group>"; };
		FA536EA028EDED9B0049B7FD /* BooksListView.swift */ = {isa = PBXFileReference; lastKnownFileType = sourcecode.swift; path = BooksListView.swift; sourceTree = "<group>"; };
		FA71560128F52425008993E9 /* BookDetailViewModel.swift */ = {isa = PBXFileReference; lastKnownFileType = sourcecode.swift; path = BookDetailViewModel.swift; sourceTree = "<group>"; };
		FABE8C4C28EDF5D800326B4A /* AddBookView.swift */ = {isa = PBXFileReference; lastKnownFileType = sourcecode.swift; path = AddBookView.swift; sourceTree = "<group>"; };
		FABE8C4E28EE27A500326B4A /* BookDetailView.swift */ = {isa = PBXFileReference; lastKnownFileType = sourcecode.swift; path = BookDetailView.swift; sourceTree = "<group>"; };
		FABE8C5028EE5B3800326B4A /* AddBookViewModel.swift */ = {isa = PBXFileReference; lastKnownFileType = sourcecode.swift; path = AddBookViewModel.swift; sourceTree = "<group>"; };
		FABE8C5628EFACC000326B4A /* BooksRepository.swift */ = {isa = PBXFileReference; lastKnownFileType = sourcecode.swift; path = BooksRepository.swift; sourceTree = "<group>"; };
		FABE8C5828EFADC800326B4A /* BooksRemoteDataSource.swift */ = {isa = PBXFileReference; lastKnownFileType = sourcecode.swift; path = BooksRemoteDataSource.swift; sourceTree = "<group>"; };
		FABE8C5A28EFAE0700326B4A /* RemoteErrors.swift */ = {isa = PBXFileReference; lastKnownFileType = sourcecode.swift; path = RemoteErrors.swift; sourceTree = "<group>"; };
		FABE8C5C28EFAF2700326B4A /* BooksRequester.swift */ = {isa = PBXFileReference; lastKnownFileType = sourcecode.swift; path = BooksRequester.swift; sourceTree = "<group>"; };
		FABE8C5F28EFAFF000326B4A /* BooksAdapter.swift */ = {isa = PBXFileReference; lastKnownFileType = sourcecode.swift; path = BooksAdapter.swift; sourceTree = "<group>"; };
		FABE8C6128EFB1D600326B4A /* GetBooksUseCase.swift */ = {isa = PBXFileReference; lastKnownFileType = sourcecode.swift; path = GetBooksUseCase.swift; sourceTree = "<group>"; };
		FABE8C6328EFB25F00326B4A /* GetBookUseCase.swift */ = {isa = PBXFileReference; lastKnownFileType = sourcecode.swift; path = GetBookUseCase.swift; sourceTree = "<group>"; };
		FABE8C6528EFB2B600326B4A /* DeleteBookUseCase.swift */ = {isa = PBXFileReference; lastKnownFileType = sourcecode.swift; path = DeleteBookUseCase.swift; sourceTree = "<group>"; };
		FABE8C6728EFB38500326B4A /* UpdateBookUseCase.swift */ = {isa = PBXFileReference; lastKnownFileType = sourcecode.swift; path = UpdateBookUseCase.swift; sourceTree = "<group>"; };
		FABE8C6C28EFB55300326B4A /* CreateBookUseCase.swift */ = {isa = PBXFileReference; lastKnownFileType = sourcecode.swift; path = CreateBookUseCase.swift; sourceTree = "<group>"; };
		FADBEEA428FDAF8400A9C449 /* BooksRepositoryTests.swift */ = {isa = PBXFileReference; lastKnownFileType = sourcecode.swift; path = BooksRepositoryTests.swift; sourceTree = "<group>"; };
		FADBEEA828FDB55500A9C449 /* XCTestCase+MemoryLeaksTracker.swift */ = {isa = PBXFileReference; lastKnownFileType = sourcecode.swift; path = "XCTestCase+MemoryLeaksTracker.swift"; sourceTree = "<group>"; };
		FADBEEAE28FDC9A100A9C449 /* Constants.swift */ = {isa = PBXFileReference; lastKnownFileType = sourcecode.swift; path = Constants.swift; sourceTree = "<group>"; };
		FADBEEB028FDCAB500A9C449 /* BaseRequester.swift */ = {isa = PBXFileReference; lastKnownFileType = sourcecode.swift; path = BaseRequester.swift; sourceTree = "<group>"; };
		FADBEEE228FE09A500A9C449 /* ApolloGraphQLSampleGraphQLE2ETests.xctest */ = {isa = PBXFileReference; explicitFileType = wrapper.cfbundle; includeInIndex = 0; path = ApolloGraphQLSampleGraphQLE2ETests.xctest; sourceTree = BUILT_PRODUCTS_DIR; };
		FADBEEE428FE09A500A9C449 /* ApolloGraphQLSampleGraphQLE2ETests.swift */ = {isa = PBXFileReference; lastKnownFileType = sourcecode.swift; path = ApolloGraphQLSampleGraphQLE2ETests.swift; sourceTree = "<group>"; };
		FAF49AA428EC7A3000BC72FC /* Book.swift */ = {isa = PBXFileReference; lastKnownFileType = sourcecode.swift; path = Book.swift; sourceTree = "<group>"; };
		FAF49AA928EC7FD200BC72FC /* queries.graphql */ = {isa = PBXFileReference; fileEncoding = 4; lastKnownFileType = text; path = queries.graphql; sourceTree = "<group>"; };
		FAF49AAB28EC84B600BC72FC /* schema.json */ = {isa = PBXFileReference; fileEncoding = 4; lastKnownFileType = text.json; path = schema.json; sourceTree = "<group>"; };
/* End PBXFileReference section */

/* Begin PBXFrameworksBuildPhase section */
		FA430FDA28EB504300EB1EFF /* Frameworks */ = {
			isa = PBXFrameworksBuildPhase;
			buildActionMask = 2147483647;
			files = (
				FA536E9028ECBDB70049B7FD /* Apollo in Frameworks */,
			);
			runOnlyForDeploymentPostprocessing = 0;
		};
		FA430FEF28EB504600EB1EFF /* Frameworks */ = {
			isa = PBXFrameworksBuildPhase;
			buildActionMask = 2147483647;
			files = (
			);
			runOnlyForDeploymentPostprocessing = 0;
		};
		FA430FF928EB504600EB1EFF /* Frameworks */ = {
			isa = PBXFrameworksBuildPhase;
			buildActionMask = 2147483647;
			files = (
			);
			runOnlyForDeploymentPostprocessing = 0;
		};
		FADBEEDF28FE09A500A9C449 /* Frameworks */ = {
			isa = PBXFrameworksBuildPhase;
			buildActionMask = 2147483647;
			files = (
			);
			runOnlyForDeploymentPostprocessing = 0;
		};
/* End PBXFrameworksBuildPhase section */

/* Begin PBXGroup section */
		FA430FD428EB504300EB1EFF = {
			isa = PBXGroup;
			children = (
				FA430FDF28EB504300EB1EFF /* ApolloGraphQLSample */,
				FA430FF528EB504600EB1EFF /* ApolloGraphQLSampleTests */,
				FA430FFF28EB504600EB1EFF /* ApolloGraphQLSampleUITests */,
				FADBEEE328FE09A500A9C449 /* ApolloGraphQLSampleGraphQLE2ETests */,
				FA430FDE28EB504300EB1EFF /* Products */,
			);
			sourceTree = "<group>";
		};
		FA430FDE28EB504300EB1EFF /* Products */ = {
			isa = PBXGroup;
			children = (
				FA430FDD28EB504300EB1EFF /* ApolloGraphQLSample.app */,
				FA430FF228EB504600EB1EFF /* ApolloGraphQLSampleTests.xctest */,
				FA430FFC28EB504600EB1EFF /* ApolloGraphQLSampleUITests.xctest */,
				FADBEEE228FE09A500A9C449 /* ApolloGraphQLSampleGraphQLE2ETests.xctest */,
			);
			name = Products;
			sourceTree = "<group>";
		};
		FA430FDF28EB504300EB1EFF /* ApolloGraphQLSample */ = {
			isa = PBXGroup;
			children = (
				FADBEEAD28FDC99600A9C449 /* Shared */,
				FABE8C5528EF777C00326B4A /* UseCase */,
				FABE8C5228EF776100326B4A /* Data */,
				FA536E9728EDEBD90049B7FD /* UI */,
				FA536E9328EDD3D90049B7FD /* Framework */,
				FA536E9128ECC2030049B7FD /* API.swift */,
				FAF49AAB28EC84B600BC72FC /* schema.json */,
				FAF49AA928EC7FD200BC72FC /* queries.graphql */,
				FAF49AA328EC796B00BC72FC /* Domain */,
				FA430FE028EB504300EB1EFF /* ApolloGraphQLSampleApp.swift */,
				FA430FE428EB504600EB1EFF /* Assets.xcassets */,
				FA430FE928EB504600EB1EFF /* Persistence.swift */,
				FA430FEB28EB504600EB1EFF /* ApolloGraphQLSample.xcdatamodeld */,
				FA430FE628EB504600EB1EFF /* Preview Content */,
			);
			path = ApolloGraphQLSample;
			sourceTree = "<group>";
		};
		FA430FE628EB504600EB1EFF /* Preview Content */ = {
			isa = PBXGroup;
			children = (
				FA430FE728EB504600EB1EFF /* Preview Assets.xcassets */,
			);
			path = "Preview Content";
			sourceTree = "<group>";
		};
		FA430FF528EB504600EB1EFF /* ApolloGraphQLSampleTests */ = {
			isa = PBXGroup;
			children = (
				FADBEEAA28FDBC5600A9C449 /* Helpers */,
				FADBEEA328FDAF4F00A9C449 /* Data */,
			);
			path = ApolloGraphQLSampleTests;
			sourceTree = "<group>";
		};
		FA430FFF28EB504600EB1EFF /* ApolloGraphQLSampleUITests */ = {
			isa = PBXGroup;
			children = (
				FA43100028EB504600EB1EFF /* ApolloGraphQLSampleUITests.swift */,
				FA43100228EB504600EB1EFF /* ApolloGraphQLSampleUITestsLaunchTests.swift */,
			);
			path = ApolloGraphQLSampleUITests;
			sourceTree = "<group>";
		};
		FA536E9328EDD3D90049B7FD /* Framework */ = {
			isa = PBXGroup;
			children = (
				FA536E9428EDD3E10049B7FD /* requestManager */,
			);
			path = Framework;
			sourceTree = "<group>";
		};
		FA536E9428EDD3E10049B7FD /* requestManager */ = {
			isa = PBXGroup;
			children = (
				FABE8C6928EFB4D500326B4A /* Data */,
				FABE8C5E28EFAFD400326B4A /* Adapter */,
				FADBEEB028FDCAB500A9C449 /* BaseRequester.swift */,
			);
			path = requestManager;
			sourceTree = "<group>";
		};
		FA536E9728EDEBD90049B7FD /* UI */ = {
			isa = PBXGroup;
			children = (
				FA536E9828EDEBDF0049B7FD /* Books */,
			);
			path = UI;
			sourceTree = "<group>";
		};
		FA536E9828EDEBDF0049B7FD /* Books */ = {
			isa = PBXGroup;
			children = (
				FA536E9B28EDEC180049B7FD /* ViewModel */,
				FA536E9928EDEBF00049B7FD /* Container */,
				FA536E9A28EDEBF80049B7FD /* Componets */,
			);
			path = Books;
			sourceTree = "<group>";
		};
		FA536E9928EDEBF00049B7FD /* Container */ = {
			isa = PBXGroup;
			children = (
				FA430FE228EB504300EB1EFF /* BooksView.swift */,
				FABE8C4E28EE27A500326B4A /* BookDetailView.swift */,
				FABE8C4C28EDF5D800326B4A /* AddBookView.swift */,
				FA0806BA28F625D0000502F6 /* EditBookView.swift */,
			);
			path = Container;
			sourceTree = "<group>";
		};
		FA536E9A28EDEBF80049B7FD /* Componets */ = {
			isa = PBXGroup;
			children = (
				FA536EA028EDED9B0049B7FD /* BooksListView.swift */,
				FA0806B828F62423000502F6 /* BookFormView.swift */,
			);
			path = Componets;
			sourceTree = "<group>";
		};
		FA536E9B28EDEC180049B7FD /* ViewModel */ = {
			isa = PBXGroup;
			children = (
				FA536E9C28EDEC2C0049B7FD /* BooksViewModel.swift */,
				FA71560128F52425008993E9 /* BookDetailViewModel.swift */,
				FABE8C5028EE5B3800326B4A /* AddBookViewModel.swift */,
				FA0806BC28F62706000502F6 /* EditBookViewModel.swift */,
			);
			path = ViewModel;
			sourceTree = "<group>";
		};
		FABE8C5228EF776100326B4A /* Data */ = {
			isa = PBXGroup;
			children = (
				FABE8C5428EF776F00326B4A /* DataSource */,
				FABE8C5328EF776800326B4A /* Repository */,
				FABE8C5A28EFAE0700326B4A /* RemoteErrors.swift */,
				FA41335828F509F90075C55B /* RemoteResult.swift */,
			);
			path = Data;
			sourceTree = "<group>";
		};
		FABE8C5328EF776800326B4A /* Repository */ = {
			isa = PBXGroup;
			children = (
				FABE8C5628EFACC000326B4A /* BooksRepository.swift */,
			);
			path = Repository;
			sourceTree = "<group>";
		};
		FABE8C5428EF776F00326B4A /* DataSource */ = {
			isa = PBXGroup;
			children = (
				FABE8C5828EFADC800326B4A /* BooksRemoteDataSource.swift */,
			);
			path = DataSource;
			sourceTree = "<group>";
		};
		FABE8C5528EF777C00326B4A /* UseCase */ = {
			isa = PBXGroup;
			children = (
				FABE8C6128EFB1D600326B4A /* GetBooksUseCase.swift */,
				FABE8C6328EFB25F00326B4A /* GetBookUseCase.swift */,
				FABE8C6528EFB2B600326B4A /* DeleteBookUseCase.swift */,
				FABE8C6728EFB38500326B4A /* UpdateBookUseCase.swift */,
				FABE8C6C28EFB55300326B4A /* CreateBookUseCase.swift */,
			);
			path = UseCase;
			sourceTree = "<group>";
		};
		FABE8C5E28EFAFD400326B4A /* Adapter */ = {
			isa = PBXGroup;
			children = (
				FABE8C5F28EFAFF000326B4A /* BooksAdapter.swift */,
			);
			path = Adapter;
			sourceTree = "<group>";
		};
		FABE8C6928EFB4D500326B4A /* Data */ = {
			isa = PBXGroup;
			children = (
				FABE8C5C28EFAF2700326B4A /* BooksRequester.swift */,
			);
			path = Data;
			sourceTree = "<group>";
		};
		FADBEEA328FDAF4F00A9C449 /* Data */ = {
			isa = PBXGroup;
			children = (
				FADBEEA428FDAF8400A9C449 /* BooksRepositoryTests.swift */,
			);
			path = Data;
			sourceTree = "<group>";
		};
		FADBEEAA28FDBC5600A9C449 /* Helpers */ = {
			isa = PBXGroup;
			children = (
				FADBEEA828FDB55500A9C449 /* XCTestCase+MemoryLeaksTracker.swift */,
			);
			path = Helpers;
			sourceTree = "<group>";
		};
		FADBEEAD28FDC99600A9C449 /* Shared */ = {
			isa = PBXGroup;
			children = (
				FADBEEAE28FDC9A100A9C449 /* Constants.swift */,
			);
			path = Shared;
			sourceTree = "<group>";
		};
		FADBEEE328FE09A500A9C449 /* ApolloGraphQLSampleGraphQLE2ETests */ = {
			isa = PBXGroup;
			children = (
				FADBEEE428FE09A500A9C449 /* ApolloGraphQLSampleGraphQLE2ETests.swift */,
			);
			path = ApolloGraphQLSampleGraphQLE2ETests;
			sourceTree = "<group>";
		};
		FAF49AA328EC796B00BC72FC /* Domain */ = {
			isa = PBXGroup;
			children = (
				FAF49AA428EC7A3000BC72FC /* Book.swift */,
			);
			path = Domain;
			sourceTree = "<group>";
		};
/* End PBXGroup section */

/* Begin PBXNativeTarget section */
		FA430FDC28EB504300EB1EFF /* ApolloGraphQLSample */ = {
			isa = PBXNativeTarget;
			buildConfigurationList = FA43100628EB504600EB1EFF /* Build configuration list for PBXNativeTarget "ApolloGraphQLSample" */;
			buildPhases = (
				FAF49AA728EC7DB400BC72FC /* Generate Apollo GraphQL API */,
				FA430FD928EB504300EB1EFF /* Sources */,
				FA430FDA28EB504300EB1EFF /* Frameworks */,
				FA430FDB28EB504300EB1EFF /* Resources */,
			);
			buildRules = (
			);
			dependencies = (
			);
			name = ApolloGraphQLSample;
			packageProductDependencies = (
				FA536E8F28ECBDB70049B7FD /* Apollo */,
			);
			productName = ApolloGraphQLSample;
			productReference = FA430FDD28EB504300EB1EFF /* ApolloGraphQLSample.app */;
			productType = "com.apple.product-type.application";
		};
		FA430FF128EB504600EB1EFF /* ApolloGraphQLSampleTests */ = {
			isa = PBXNativeTarget;
			buildConfigurationList = FA43100928EB504600EB1EFF /* Build configuration list for PBXNativeTarget "ApolloGraphQLSampleTests" */;
			buildPhases = (
				FA430FEE28EB504600EB1EFF /* Sources */,
				FA430FEF28EB504600EB1EFF /* Frameworks */,
				FA430FF028EB504600EB1EFF /* Resources */,
			);
			buildRules = (
			);
			dependencies = (
				FA430FF428EB504600EB1EFF /* PBXTargetDependency */,
			);
			name = ApolloGraphQLSampleTests;
			productName = ApolloGraphQLSampleTests;
			productReference = FA430FF228EB504600EB1EFF /* ApolloGraphQLSampleTests.xctest */;
			productType = "com.apple.product-type.bundle.unit-test";
		};
		FA430FFB28EB504600EB1EFF /* ApolloGraphQLSampleUITests */ = {
			isa = PBXNativeTarget;
			buildConfigurationList = FA43100C28EB504600EB1EFF /* Build configuration list for PBXNativeTarget "ApolloGraphQLSampleUITests" */;
			buildPhases = (
				FA430FF828EB504600EB1EFF /* Sources */,
				FA430FF928EB504600EB1EFF /* Frameworks */,
				FA430FFA28EB504600EB1EFF /* Resources */,
			);
			buildRules = (
			);
			dependencies = (
				FA430FFE28EB504600EB1EFF /* PBXTargetDependency */,
			);
			name = ApolloGraphQLSampleUITests;
			productName = ApolloGraphQLSampleUITests;
			productReference = FA430FFC28EB504600EB1EFF /* ApolloGraphQLSampleUITests.xctest */;
			productType = "com.apple.product-type.bundle.ui-testing";
		};
		FADBEEE128FE09A500A9C449 /* ApolloGraphQLSampleGraphQLE2ETests */ = {
			isa = PBXNativeTarget;
			buildConfigurationList = FADBEEE828FE09A500A9C449 /* Build configuration list for PBXNativeTarget "ApolloGraphQLSampleGraphQLE2ETests" */;
			buildPhases = (
				FADBEEDE28FE09A500A9C449 /* Sources */,
				FADBEEDF28FE09A500A9C449 /* Frameworks */,
				FADBEEE028FE09A500A9C449 /* Resources */,
			);
			buildRules = (
			);
			dependencies = (
				FADBEEE728FE09A500A9C449 /* PBXTargetDependency */,
			);
			name = ApolloGraphQLSampleGraphQLE2ETests;
			productName = ApolloGraphQLSampleGraphQLE2ETests;
			productReference = FADBEEE228FE09A500A9C449 /* ApolloGraphQLSampleGraphQLE2ETests.xctest */;
			productType = "com.apple.product-type.bundle.unit-test";
		};
/* End PBXNativeTarget section */

/* Begin PBXProject section */
		FA430FD528EB504300EB1EFF /* Project object */ = {
			isa = PBXProject;
			attributes = {
				BuildIndependentTargetsInParallel = 1;
				LastSwiftUpdateCheck = 1400;
				LastUpgradeCheck = 1400;
				TargetAttributes = {
					FA430FDC28EB504300EB1EFF = {
						CreatedOnToolsVersion = 14.0.1;
					};
					FA430FF128EB504600EB1EFF = {
						CreatedOnToolsVersion = 14.0.1;
						TestTargetID = FA430FDC28EB504300EB1EFF;
					};
					FA430FFB28EB504600EB1EFF = {
						CreatedOnToolsVersion = 14.0.1;
						TestTargetID = FA430FDC28EB504300EB1EFF;
					};
					FADBEEE128FE09A500A9C449 = {
						CreatedOnToolsVersion = 14.0.1;
						TestTargetID = FA430FDC28EB504300EB1EFF;
					};
				};
			};
			buildConfigurationList = FA430FD828EB504300EB1EFF /* Build configuration list for PBXProject "ApolloGraphQLSample" */;
			compatibilityVersion = "Xcode 14.0";
			developmentRegion = en;
			hasScannedForEncodings = 0;
			knownRegions = (
				en,
				Base,
			);
			mainGroup = FA430FD428EB504300EB1EFF;
			packageReferences = (
				FA536E8E28ECBDB60049B7FD /* XCRemoteSwiftPackageReference "apollo-ios" */,
			);
			productRefGroup = FA430FDE28EB504300EB1EFF /* Products */;
			projectDirPath = "";
			projectRoot = "";
			targets = (
				FA430FDC28EB504300EB1EFF /* ApolloGraphQLSample */,
				FA430FF128EB504600EB1EFF /* ApolloGraphQLSampleTests */,
				FA430FFB28EB504600EB1EFF /* ApolloGraphQLSampleUITests */,
				FADBEEE128FE09A500A9C449 /* ApolloGraphQLSampleGraphQLE2ETests */,
			);
		};
/* End PBXProject section */

/* Begin PBXResourcesBuildPhase section */
		FA430FDB28EB504300EB1EFF /* Resources */ = {
			isa = PBXResourcesBuildPhase;
			buildActionMask = 2147483647;
			files = (
				FAF49AAC28EC84B600BC72FC /* schema.json in Resources */,
				FA430FE828EB504600EB1EFF /* Preview Assets.xcassets in Resources */,
				FAF49AAA28EC7FD200BC72FC /* queries.graphql in Resources */,
				FA430FE528EB504600EB1EFF /* Assets.xcassets in Resources */,
			);
			runOnlyForDeploymentPostprocessing = 0;
		};
		FA430FF028EB504600EB1EFF /* Resources */ = {
			isa = PBXResourcesBuildPhase;
			buildActionMask = 2147483647;
			files = (
			);
			runOnlyForDeploymentPostprocessing = 0;
		};
		FA430FFA28EB504600EB1EFF /* Resources */ = {
			isa = PBXResourcesBuildPhase;
			buildActionMask = 2147483647;
			files = (
			);
			runOnlyForDeploymentPostprocessing = 0;
		};
		FADBEEE028FE09A500A9C449 /* Resources */ = {
			isa = PBXResourcesBuildPhase;
			buildActionMask = 2147483647;
			files = (
			);
			runOnlyForDeploymentPostprocessing = 0;
		};
/* End PBXResourcesBuildPhase section */

/* Begin PBXShellScriptBuildPhase section */
		FAF49AA728EC7DB400BC72FC /* Generate Apollo GraphQL API */ = {
			isa = PBXShellScriptBuildPhase;
			buildActionMask = 12;
			files = (
			);
			inputFileListPaths = (
			);
			inputPaths = (
			);
			name = "Generate Apollo GraphQL API";
			outputFileListPaths = (
			);
			outputPaths = (
			);
			runOnlyForDeploymentPostprocessing = 0;
			shellPath = /bin/sh;
			shellScript = "# Go to the build root and search up the chain to find the Derived Data Path where the source packages are checked out.\nDERIVED_DATA_CANDIDATE=\"${BUILD_ROOT}\"\n\nwhile ! [ -d \"${DERIVED_DATA_CANDIDATE}/SourcePackages\" ]; do\n  if [ \"${DERIVED_DATA_CANDIDATE}\" = / ]; then\n    echo >&2 \"error: Unable to locate SourcePackages directory from BUILD_ROOT: '${BUILD_ROOT}'\"\n    exit 1\n  fi\n\n  DERIVED_DATA_CANDIDATE=\"$(dirname \"${DERIVED_DATA_CANDIDATE}\")\"\ndone\n\n# Grab a reference to the directory where scripts are checked out\nSCRIPT_PATH=\"${DERIVED_DATA_CANDIDATE}/SourcePackages/checkouts/apollo-ios/scripts\"\n\nif [ -z \"${SCRIPT_PATH}\" ]; then\n    echo >&2 \"error: Couldn't find the CLI script in your checked out SPM packages; make sure to add the framework to your project.\"\n    exit 1\nfi\n\ncd \"${SRCROOT}/${TARGET_NAME}\"\n\"${SCRIPT_PATH}\"/run-bundled-codegen.sh codegen:generate --target=swift --includes=./**/*.graphql --localSchemaFile=\"schema.json\" API.swift\n";
		};
/* End PBXShellScriptBuildPhase section */

/* Begin PBXSourcesBuildPhase section */
		FA430FD928EB504300EB1EFF /* Sources */ = {
			isa = PBXSourcesBuildPhase;
			buildActionMask = 2147483647;
			files = (
				FA430FED28EB504600EB1EFF /* ApolloGraphQLSample.xcdatamodeld in Sources */,
				FABE8C5128EE5B3900326B4A /* AddBookViewModel.swift in Sources */,
				FA536E9D28EDEC2C0049B7FD /* BooksViewModel.swift in Sources */,
				FABE8C5928EFADC800326B4A /* BooksRemoteDataSource.swift in Sources */,
				FA430FEA28EB504600EB1EFF /* Persistence.swift in Sources */,
				FABE8C6628EFB2B600326B4A /* DeleteBookUseCase.swift in Sources */,
				FA41335928F509F90075C55B /* RemoteResult.swift in Sources */,
				FA430FE328EB504300EB1EFF /* BooksView.swift in Sources */,
				FABE8C5D28EFAF2700326B4A /* BooksRequester.swift in Sources */,
				FAF49AA528EC7A3000BC72FC /* Book.swift in Sources */,
				FADBEEAF28FDC9A100A9C449 /* Constants.swift in Sources */,
				FA536E9228ECC2030049B7FD /* API.swift in Sources */,
				FA0806B928F62423000502F6 /* BookFormView.swift in Sources */,
				FADBEEB128FDCAB500A9C449 /* BaseRequester.swift in Sources */,
				FABE8C5B28EFAE0700326B4A /* RemoteErrors.swift in Sources */,
				FABE8C5728EFACC000326B4A /* BooksRepository.swift in Sources */,
				FA71560228F52425008993E9 /* BookDetailViewModel.swift in Sources */,
				FABE8C6428EFB25F00326B4A /* GetBookUseCase.swift in Sources */,
				FABE8C6828EFB38500326B4A /* UpdateBookUseCase.swift in Sources */,
				FA430FE128EB504300EB1EFF /* ApolloGraphQLSampleApp.swift in Sources */,
				FABE8C6D28EFB55300326B4A /* CreateBookUseCase.swift in Sources */,
				FABE8C4F28EE27A500326B4A /* BookDetailView.swift in Sources */,
				FA536EA128EDED9B0049B7FD /* BooksListView.swift in Sources */,
				FA0806BD28F62706000502F6 /* EditBookViewModel.swift in Sources */,
				FABE8C4D28EDF5D800326B4A /* AddBookView.swift in Sources */,
				FA0806BB28F625D0000502F6 /* EditBookView.swift in Sources */,
				FABE8C6228EFB1D600326B4A /* GetBooksUseCase.swift in Sources */,
				FABE8C6028EFAFF000326B4A /* BooksAdapter.swift in Sources */,
			);
			runOnlyForDeploymentPostprocessing = 0;
		};
		FA430FEE28EB504600EB1EFF /* Sources */ = {
			isa = PBXSourcesBuildPhase;
			buildActionMask = 2147483647;
			files = (
				FADBEEA528FDAF8400A9C449 /* BooksRepositoryTests.swift in Sources */,
				FADBEEA928FDB55500A9C449 /* XCTestCase+MemoryLeaksTracker.swift in Sources */,
			);
			runOnlyForDeploymentPostprocessing = 0;
		};
		FA430FF828EB504600EB1EFF /* Sources */ = {
			isa = PBXSourcesBuildPhase;
			buildActionMask = 2147483647;
			files = (
				FA43100128EB504600EB1EFF /* ApolloGraphQLSampleUITests.swift in Sources */,
				FA43100328EB504600EB1EFF /* ApolloGraphQLSampleUITestsLaunchTests.swift in Sources */,
			);
			runOnlyForDeploymentPostprocessing = 0;
		};
		FADBEEDE28FE09A500A9C449 /* Sources */ = {
			isa = PBXSourcesBuildPhase;
			buildActionMask = 2147483647;
			files = (
				FADBEEE528FE09A500A9C449 /* ApolloGraphQLSampleGraphQLE2ETests.swift in Sources */,
				FAAB317128FE0AC40085C3F3 /* XCTestCase+MemoryLeaksTracker.swift in Sources */,
			);
			runOnlyForDeploymentPostprocessing = 0;
		};
/* End PBXSourcesBuildPhase section */

/* Begin PBXTargetDependency section */
		FA430FF428EB504600EB1EFF /* PBXTargetDependency */ = {
			isa = PBXTargetDependency;
			target = FA430FDC28EB504300EB1EFF /* ApolloGraphQLSample */;
			targetProxy = FA430FF328EB504600EB1EFF /* PBXContainerItemProxy */;
		};
		FA430FFE28EB504600EB1EFF /* PBXTargetDependency */ = {
			isa = PBXTargetDependency;
			target = FA430FDC28EB504300EB1EFF /* ApolloGraphQLSample */;
			targetProxy = FA430FFD28EB504600EB1EFF /* PBXContainerItemProxy */;
		};
		FADBEEE728FE09A500A9C449 /* PBXTargetDependency */ = {
			isa = PBXTargetDependency;
			target = FA430FDC28EB504300EB1EFF /* ApolloGraphQLSample */;
			targetProxy = FADBEEE628FE09A500A9C449 /* PBXContainerItemProxy */;
		};
/* End PBXTargetDependency section */

/* Begin XCBuildConfiguration section */
		FA43100428EB504600EB1EFF /* Debug */ = {
			isa = XCBuildConfiguration;
			buildSettings = {
				ALWAYS_SEARCH_USER_PATHS = NO;
				CLANG_ANALYZER_NONNULL = YES;
				CLANG_ANALYZER_NUMBER_OBJECT_CONVERSION = YES_AGGRESSIVE;
				CLANG_CXX_LANGUAGE_STANDARD = "gnu++20";
				CLANG_ENABLE_MODULES = YES;
				CLANG_ENABLE_OBJC_ARC = YES;
				CLANG_ENABLE_OBJC_WEAK = YES;
				CLANG_WARN_BLOCK_CAPTURE_AUTORELEASING = YES;
				CLANG_WARN_BOOL_CONVERSION = YES;
				CLANG_WARN_COMMA = YES;
				CLANG_WARN_CONSTANT_CONVERSION = YES;
				CLANG_WARN_DEPRECATED_OBJC_IMPLEMENTATIONS = YES;
				CLANG_WARN_DIRECT_OBJC_ISA_USAGE = YES_ERROR;
				CLANG_WARN_DOCUMENTATION_COMMENTS = YES;
				CLANG_WARN_EMPTY_BODY = YES;
				CLANG_WARN_ENUM_CONVERSION = YES;
				CLANG_WARN_INFINITE_RECURSION = YES;
				CLANG_WARN_INT_CONVERSION = YES;
				CLANG_WARN_NON_LITERAL_NULL_CONVERSION = YES;
				CLANG_WARN_OBJC_IMPLICIT_RETAIN_SELF = YES;
				CLANG_WARN_OBJC_LITERAL_CONVERSION = YES;
				CLANG_WARN_OBJC_ROOT_CLASS = YES_ERROR;
				CLANG_WARN_QUOTED_INCLUDE_IN_FRAMEWORK_HEADER = YES;
				CLANG_WARN_RANGE_LOOP_ANALYSIS = YES;
				CLANG_WARN_STRICT_PROTOTYPES = YES;
				CLANG_WARN_SUSPICIOUS_MOVE = YES;
				CLANG_WARN_UNGUARDED_AVAILABILITY = YES_AGGRESSIVE;
				CLANG_WARN_UNREACHABLE_CODE = YES;
				CLANG_WARN__DUPLICATE_METHOD_MATCH = YES;
				COPY_PHASE_STRIP = NO;
				DEBUG_INFORMATION_FORMAT = dwarf;
				ENABLE_STRICT_OBJC_MSGSEND = YES;
				ENABLE_TESTABILITY = YES;
				GCC_C_LANGUAGE_STANDARD = gnu11;
				GCC_DYNAMIC_NO_PIC = NO;
				GCC_NO_COMMON_BLOCKS = YES;
				GCC_OPTIMIZATION_LEVEL = 0;
				GCC_PREPROCESSOR_DEFINITIONS = (
					"DEBUG=1",
					"$(inherited)",
				);
				GCC_WARN_64_TO_32_BIT_CONVERSION = YES;
				GCC_WARN_ABOUT_RETURN_TYPE = YES_ERROR;
				GCC_WARN_UNDECLARED_SELECTOR = YES;
				GCC_WARN_UNINITIALIZED_AUTOS = YES_AGGRESSIVE;
				GCC_WARN_UNUSED_FUNCTION = YES;
				GCC_WARN_UNUSED_VARIABLE = YES;
				IPHONEOS_DEPLOYMENT_TARGET = 16.0;
				MTL_ENABLE_DEBUG_INFO = INCLUDE_SOURCE;
				MTL_FAST_MATH = YES;
				ONLY_ACTIVE_ARCH = YES;
				SDKROOT = iphoneos;
				SWIFT_ACTIVE_COMPILATION_CONDITIONS = DEBUG;
				SWIFT_OPTIMIZATION_LEVEL = "-Onone";
			};
			name = Debug;
		};
		FA43100528EB504600EB1EFF /* Release */ = {
			isa = XCBuildConfiguration;
			buildSettings = {
				ALWAYS_SEARCH_USER_PATHS = NO;
				CLANG_ANALYZER_NONNULL = YES;
				CLANG_ANALYZER_NUMBER_OBJECT_CONVERSION = YES_AGGRESSIVE;
				CLANG_CXX_LANGUAGE_STANDARD = "gnu++20";
				CLANG_ENABLE_MODULES = YES;
				CLANG_ENABLE_OBJC_ARC = YES;
				CLANG_ENABLE_OBJC_WEAK = YES;
				CLANG_WARN_BLOCK_CAPTURE_AUTORELEASING = YES;
				CLANG_WARN_BOOL_CONVERSION = YES;
				CLANG_WARN_COMMA = YES;
				CLANG_WARN_CONSTANT_CONVERSION = YES;
				CLANG_WARN_DEPRECATED_OBJC_IMPLEMENTATIONS = YES;
				CLANG_WARN_DIRECT_OBJC_ISA_USAGE = YES_ERROR;
				CLANG_WARN_DOCUMENTATION_COMMENTS = YES;
				CLANG_WARN_EMPTY_BODY = YES;
				CLANG_WARN_ENUM_CONVERSION = YES;
				CLANG_WARN_INFINITE_RECURSION = YES;
				CLANG_WARN_INT_CONVERSION = YES;
				CLANG_WARN_NON_LITERAL_NULL_CONVERSION = YES;
				CLANG_WARN_OBJC_IMPLICIT_RETAIN_SELF = YES;
				CLANG_WARN_OBJC_LITERAL_CONVERSION = YES;
				CLANG_WARN_OBJC_ROOT_CLASS = YES_ERROR;
				CLANG_WARN_QUOTED_INCLUDE_IN_FRAMEWORK_HEADER = YES;
				CLANG_WARN_RANGE_LOOP_ANALYSIS = YES;
				CLANG_WARN_STRICT_PROTOTYPES = YES;
				CLANG_WARN_SUSPICIOUS_MOVE = YES;
				CLANG_WARN_UNGUARDED_AVAILABILITY = YES_AGGRESSIVE;
				CLANG_WARN_UNREACHABLE_CODE = YES;
				CLANG_WARN__DUPLICATE_METHOD_MATCH = YES;
				COPY_PHASE_STRIP = NO;
				DEBUG_INFORMATION_FORMAT = "dwarf-with-dsym";
				ENABLE_NS_ASSERTIONS = NO;
				ENABLE_STRICT_OBJC_MSGSEND = YES;
				GCC_C_LANGUAGE_STANDARD = gnu11;
				GCC_NO_COMMON_BLOCKS = YES;
				GCC_WARN_64_TO_32_BIT_CONVERSION = YES;
				GCC_WARN_ABOUT_RETURN_TYPE = YES_ERROR;
				GCC_WARN_UNDECLARED_SELECTOR = YES;
				GCC_WARN_UNINITIALIZED_AUTOS = YES_AGGRESSIVE;
				GCC_WARN_UNUSED_FUNCTION = YES;
				GCC_WARN_UNUSED_VARIABLE = YES;
				IPHONEOS_DEPLOYMENT_TARGET = 16.0;
				MTL_ENABLE_DEBUG_INFO = NO;
				MTL_FAST_MATH = YES;
				SDKROOT = iphoneos;
				SWIFT_COMPILATION_MODE = wholemodule;
				SWIFT_OPTIMIZATION_LEVEL = "-O";
				VALIDATE_PRODUCT = YES;
			};
			name = Release;
		};
		FA43100728EB504600EB1EFF /* Debug */ = {
			isa = XCBuildConfiguration;
			buildSettings = {
				ASSETCATALOG_COMPILER_APPICON_NAME = AppIcon;
				ASSETCATALOG_COMPILER_GLOBAL_ACCENT_COLOR_NAME = AccentColor;
				CODE_SIGN_STYLE = Automatic;
				CURRENT_PROJECT_VERSION = 1;
				DEVELOPMENT_ASSET_PATHS = "\"ApolloGraphQLSample/Preview Content\"";
				DEVELOPMENT_TEAM = XWAC9ZNNPB;
				ENABLE_PREVIEWS = YES;
				GENERATE_INFOPLIST_FILE = YES;
				INFOPLIST_KEY_UIApplicationSceneManifest_Generation = YES;
				INFOPLIST_KEY_UIApplicationSupportsIndirectInputEvents = YES;
				INFOPLIST_KEY_UILaunchScreen_Generation = YES;
				INFOPLIST_KEY_UISupportedInterfaceOrientations_iPad = "UIInterfaceOrientationPortrait UIInterfaceOrientationPortraitUpsideDown UIInterfaceOrientationLandscapeLeft UIInterfaceOrientationLandscapeRight";
				INFOPLIST_KEY_UISupportedInterfaceOrientations_iPhone = "UIInterfaceOrientationPortrait UIInterfaceOrientationLandscapeLeft UIInterfaceOrientationLandscapeRight";
				LD_RUNPATH_SEARCH_PATHS = (
					"$(inherited)",
					"@executable_path/Frameworks",
				);
				MARKETING_VERSION = 1.0;
				PRODUCT_BUNDLE_IDENTIFIER = com.iramml.ApolloGraphQLSample;
				PRODUCT_NAME = "$(TARGET_NAME)";
				SWIFT_EMIT_LOC_STRINGS = YES;
				SWIFT_VERSION = 5.0;
				TARGETED_DEVICE_FAMILY = "1,2";
			};
			name = Debug;
		};
		FA43100828EB504600EB1EFF /* Release */ = {
			isa = XCBuildConfiguration;
			buildSettings = {
				ASSETCATALOG_COMPILER_APPICON_NAME = AppIcon;
				ASSETCATALOG_COMPILER_GLOBAL_ACCENT_COLOR_NAME = AccentColor;
				CODE_SIGN_STYLE = Automatic;
				CURRENT_PROJECT_VERSION = 1;
				DEVELOPMENT_ASSET_PATHS = "\"ApolloGraphQLSample/Preview Content\"";
				DEVELOPMENT_TEAM = XWAC9ZNNPB;
				ENABLE_PREVIEWS = YES;
				GENERATE_INFOPLIST_FILE = YES;
				INFOPLIST_KEY_UIApplicationSceneManifest_Generation = YES;
				INFOPLIST_KEY_UIApplicationSupportsIndirectInputEvents = YES;
				INFOPLIST_KEY_UILaunchScreen_Generation = YES;
				INFOPLIST_KEY_UISupportedInterfaceOrientations_iPad = "UIInterfaceOrientationPortrait UIInterfaceOrientationPortraitUpsideDown UIInterfaceOrientationLandscapeLeft UIInterfaceOrientationLandscapeRight";
				INFOPLIST_KEY_UISupportedInterfaceOrientations_iPhone = "UIInterfaceOrientationPortrait UIInterfaceOrientationLandscapeLeft UIInterfaceOrientationLandscapeRight";
				LD_RUNPATH_SEARCH_PATHS = (
					"$(inherited)",
					"@executable_path/Frameworks",
				);
				MARKETING_VERSION = 1.0;
				PRODUCT_BUNDLE_IDENTIFIER = com.iramml.ApolloGraphQLSample;
				PRODUCT_NAME = "$(TARGET_NAME)";
				SWIFT_EMIT_LOC_STRINGS = YES;
				SWIFT_VERSION = 5.0;
				TARGETED_DEVICE_FAMILY = "1,2";
			};
			name = Release;
		};
		FA43100A28EB504600EB1EFF /* Debug */ = {
			isa = XCBuildConfiguration;
			buildSettings = {
				ALWAYS_EMBED_SWIFT_STANDARD_LIBRARIES = YES;
				BUNDLE_LOADER = "$(TEST_HOST)";
				CODE_SIGN_STYLE = Automatic;
				CURRENT_PROJECT_VERSION = 1;
				DEVELOPMENT_TEAM = XWAC9ZNNPB;
				GENERATE_INFOPLIST_FILE = YES;
				IPHONEOS_DEPLOYMENT_TARGET = 16.0;
				MARKETING_VERSION = 1.0;
				PRODUCT_BUNDLE_IDENTIFIER = com.iramml.ApolloGraphQLSampleTests;
				PRODUCT_NAME = "$(TARGET_NAME)";
				SWIFT_EMIT_LOC_STRINGS = NO;
				SWIFT_VERSION = 5.0;
				TARGETED_DEVICE_FAMILY = "1,2";
				TEST_HOST = "$(BUILT_PRODUCTS_DIR)/ApolloGraphQLSample.app/$(BUNDLE_EXECUTABLE_FOLDER_PATH)/ApolloGraphQLSample";
			};
			name = Debug;
		};
		FA43100B28EB504600EB1EFF /* Release */ = {
			isa = XCBuildConfiguration;
			buildSettings = {
				ALWAYS_EMBED_SWIFT_STANDARD_LIBRARIES = YES;
				BUNDLE_LOADER = "$(TEST_HOST)";
				CODE_SIGN_STYLE = Automatic;
				CURRENT_PROJECT_VERSION = 1;
				DEVELOPMENT_TEAM = XWAC9ZNNPB;
				GENERATE_INFOPLIST_FILE = YES;
				IPHONEOS_DEPLOYMENT_TARGET = 16.0;
				MARKETING_VERSION = 1.0;
				PRODUCT_BUNDLE_IDENTIFIER = com.iramml.ApolloGraphQLSampleTests;
				PRODUCT_NAME = "$(TARGET_NAME)";
				SWIFT_EMIT_LOC_STRINGS = NO;
				SWIFT_VERSION = 5.0;
				TARGETED_DEVICE_FAMILY = "1,2";
				TEST_HOST = "$(BUILT_PRODUCTS_DIR)/ApolloGraphQLSample.app/$(BUNDLE_EXECUTABLE_FOLDER_PATH)/ApolloGraphQLSample";
			};
			name = Release;
		};
		FA43100D28EB504600EB1EFF /* Debug */ = {
			isa = XCBuildConfiguration;
			buildSettings = {
				ALWAYS_EMBED_SWIFT_STANDARD_LIBRARIES = YES;
				CODE_SIGN_STYLE = Automatic;
				CURRENT_PROJECT_VERSION = 1;
				DEVELOPMENT_TEAM = XWAC9ZNNPB;
				GENERATE_INFOPLIST_FILE = YES;
				MARKETING_VERSION = 1.0;
				PRODUCT_BUNDLE_IDENTIFIER = com.iramml.ApolloGraphQLSampleUITests;
				PRODUCT_NAME = "$(TARGET_NAME)";
				SWIFT_EMIT_LOC_STRINGS = NO;
				SWIFT_VERSION = 5.0;
				TARGETED_DEVICE_FAMILY = "1,2";
				TEST_TARGET_NAME = ApolloGraphQLSample;
			};
			name = Debug;
		};
		FA43100E28EB504600EB1EFF /* Release */ = {
			isa = XCBuildConfiguration;
			buildSettings = {
				ALWAYS_EMBED_SWIFT_STANDARD_LIBRARIES = YES;
				CODE_SIGN_STYLE = Automatic;
				CURRENT_PROJECT_VERSION = 1;
				DEVELOPMENT_TEAM = XWAC9ZNNPB;
				GENERATE_INFOPLIST_FILE = YES;
				MARKETING_VERSION = 1.0;
				PRODUCT_BUNDLE_IDENTIFIER = com.iramml.ApolloGraphQLSampleUITests;
				PRODUCT_NAME = "$(TARGET_NAME)";
				SWIFT_EMIT_LOC_STRINGS = NO;
				SWIFT_VERSION = 5.0;
				TARGETED_DEVICE_FAMILY = "1,2";
				TEST_TARGET_NAME = ApolloGraphQLSample;
			};
			name = Release;
		};
		FADBEEE928FE09A500A9C449 /* Debug */ = {
			isa = XCBuildConfiguration;
			buildSettings = {
				BUNDLE_LOADER = "$(TEST_HOST)";
				CODE_SIGN_STYLE = Automatic;
				CURRENT_PROJECT_VERSION = 1;
				DEVELOPMENT_TEAM = XWAC9ZNNPB;
				GENERATE_INFOPLIST_FILE = YES;
				MARKETING_VERSION = 1.0;
				PRODUCT_BUNDLE_IDENTIFIER = com.iramml.ApolloGraphQLSampleGraphQLE2ETests;
				PRODUCT_NAME = "$(TARGET_NAME)";
				SWIFT_EMIT_LOC_STRINGS = NO;
				SWIFT_VERSION = 5.0;
				TARGETED_DEVICE_FAMILY = "1,2";
				TEST_HOST = "$(BUILT_PRODUCTS_DIR)/ApolloGraphQLSample.app/$(BUNDLE_EXECUTABLE_FOLDER_PATH)/ApolloGraphQLSample";
			};
			name = Debug;
		};
		FADBEEEA28FE09A500A9C449 /* Release */ = {
			isa = XCBuildConfiguration;
			buildSettings = {
				BUNDLE_LOADER = "$(TEST_HOST)";
				CODE_SIGN_STYLE = Automatic;
				CURRENT_PROJECT_VERSION = 1;
				DEVELOPMENT_TEAM = XWAC9ZNNPB;
				GENERATE_INFOPLIST_FILE = YES;
				MARKETING_VERSION = 1.0;
				PRODUCT_BUNDLE_IDENTIFIER = com.iramml.ApolloGraphQLSampleGraphQLE2ETests;
				PRODUCT_NAME = "$(TARGET_NAME)";
				SWIFT_EMIT_LOC_STRINGS = NO;
				SWIFT_VERSION = 5.0;
				TARGETED_DEVICE_FAMILY = "1,2";
				TEST_HOST = "$(BUILT_PRODUCTS_DIR)/ApolloGraphQLSample.app/$(BUNDLE_EXECUTABLE_FOLDER_PATH)/ApolloGraphQLSample";
			};
			name = Release;
		};
/* End XCBuildConfiguration section */

/* Begin XCConfigurationList section */
		FA430FD828EB504300EB1EFF /* Build configuration list for PBXProject "ApolloGraphQLSample" */ = {
			isa = XCConfigurationList;
			buildConfigurations = (
				FA43100428EB504600EB1EFF /* Debug */,
				FA43100528EB504600EB1EFF /* Release */,
			);
			defaultConfigurationIsVisible = 0;
			defaultConfigurationName = Release;
		};
		FA43100628EB504600EB1EFF /* Build configuration list for PBXNativeTarget "ApolloGraphQLSample" */ = {
			isa = XCConfigurationList;
			buildConfigurations = (
				FA43100728EB504600EB1EFF /* Debug */,
				FA43100828EB504600EB1EFF /* Release */,
			);
			defaultConfigurationIsVisible = 0;
			defaultConfigurationName = Release;
		};
		FA43100928EB504600EB1EFF /* Build configuration list for PBXNativeTarget "ApolloGraphQLSampleTests" */ = {
			isa = XCConfigurationList;
			buildConfigurations = (
				FA43100A28EB504600EB1EFF /* Debug */,
				FA43100B28EB504600EB1EFF /* Release */,
			);
			defaultConfigurationIsVisible = 0;
			defaultConfigurationName = Release;
		};
		FA43100C28EB504600EB1EFF /* Build configuration list for PBXNativeTarget "ApolloGraphQLSampleUITests" */ = {
			isa = XCConfigurationList;
			buildConfigurations = (
				FA43100D28EB504600EB1EFF /* Debug */,
				FA43100E28EB504600EB1EFF /* Release */,
			);
			defaultConfigurationIsVisible = 0;
			defaultConfigurationName = Release;
		};
		FADBEEE828FE09A500A9C449 /* Build configuration list for PBXNativeTarget "ApolloGraphQLSampleGraphQLE2ETests" */ = {
			isa = XCConfigurationList;
			buildConfigurations = (
				FADBEEE928FE09A500A9C449 /* Debug */,
				FADBEEEA28FE09A500A9C449 /* Release */,
			);
			defaultConfigurationIsVisible = 0;
			defaultConfigurationName = Release;
		};
/* End XCConfigurationList section */

/* Begin XCRemoteSwiftPackageReference section */
		FA536E8E28ECBDB60049B7FD /* XCRemoteSwiftPackageReference "apollo-ios" */ = {
			isa = XCRemoteSwiftPackageReference;
			repositoryURL = "https://github.com/apollographql/apollo-ios.git";
			requirement = {
				kind = upToNextMinorVersion;
				minimumVersion = 0.50.0;
			};
		};
/* End XCRemoteSwiftPackageReference section */

/* Begin XCSwiftPackageProductDependency section */
		FA536E8F28ECBDB70049B7FD /* Apollo */ = {
			isa = XCSwiftPackageProductDependency;
			package = FA536E8E28ECBDB60049B7FD /* XCRemoteSwiftPackageReference "apollo-ios" */;
			productName = Apollo;
		};
/* End XCSwiftPackageProductDependency section */

/* Begin XCVersionGroup section */
		FA430FEB28EB504600EB1EFF /* ApolloGraphQLSample.xcdatamodeld */ = {
			isa = XCVersionGroup;
			children = (
				FA430FEC28EB504600EB1EFF /* ApolloGraphQLSample.xcdatamodel */,
			);
			currentVersion = FA430FEC28EB504600EB1EFF /* ApolloGraphQLSample.xcdatamodel */;
			path = ApolloGraphQLSample.xcdatamodeld;
			sourceTree = "<group>";
			versionGroupType = wrapper.xcdatamodel;
		};
/* End XCVersionGroup section */
	};
	rootObject = FA430FD528EB504300EB1EFF /* Project object */;
}
